// !$*UTF8*$!
{
	archiveVersion = 1;
	classes = {
	};
	objectVersion = 56;
	objects = {

/* Begin PBXBuildFile section */
		C81C134129003A3C0049D5DD /* DiaryCell.swift in Sources */ = {isa = PBXBuildFile; fileRef = C81C134029003A3C0049D5DD /* DiaryCell.swift */; };
		C81C134329003A870049D5DD /* StarViewController.swift in Sources */ = {isa = PBXBuildFile; fileRef = C81C134229003A870049D5DD /* StarViewController.swift */; };
		C81C134829003BB10049D5DD /* StarCell.swift in Sources */ = {isa = PBXBuildFile; fileRef = C81C134729003BB10049D5DD /* StarCell.swift */; };
		C81C134A29003D510049D5DD /* WriteDiaryViewController.swift in Sources */ = {isa = PBXBuildFile; fileRef = C81C134929003D510049D5DD /* WriteDiaryViewController.swift */; };
		C81C134C29003D960049D5DD /* DiaryDetailViewController.swift in Sources */ = {isa = PBXBuildFile; fileRef = C81C134B29003D960049D5DD /* DiaryDetailViewController.swift */; };
		C8F6EBD4290018FF00038CF3 /* AppDelegate.swift in Sources */ = {isa = PBXBuildFile; fileRef = C8F6EBD3290018FF00038CF3 /* AppDelegate.swift */; };
		C8F6EBD6290018FF00038CF3 /* SceneDelegate.swift in Sources */ = {isa = PBXBuildFile; fileRef = C8F6EBD5290018FF00038CF3 /* SceneDelegate.swift */; };
		C8F6EBD8290018FF00038CF3 /* ViewController.swift in Sources */ = {isa = PBXBuildFile; fileRef = C8F6EBD7290018FF00038CF3 /* ViewController.swift */; };
		C8F6EBDB290018FF00038CF3 /* Main.storyboard in Resources */ = {isa = PBXBuildFile; fileRef = C8F6EBD9290018FF00038CF3 /* Main.storyboard */; };
		C8F6EBDD2900190300038CF3 /* Assets.xcassets in Resources */ = {isa = PBXBuildFile; fileRef = C8F6EBDC2900190300038CF3 /* Assets.xcassets */; };
		C8F6EBE02900190300038CF3 /* LaunchScreen.storyboard in Resources */ = {isa = PBXBuildFile; fileRef = C8F6EBDE2900190300038CF3 /* LaunchScreen.storyboard */; };
/* End PBXBuildFile section */

/* Begin PBXFileReference section */
		C81C134029003A3C0049D5DD /* DiaryCell.swift */ = {isa = PBXFileReference; lastKnownFileType = sourcecode.swift; path = DiaryCell.swift; sourceTree = "<group>"; };
		C81C134229003A870049D5DD /* StarViewController.swift */ = {isa = PBXFileReference; lastKnownFileType = sourcecode.swift; path = StarViewController.swift; sourceTree = "<group>"; };
		C81C134729003BB10049D5DD /* StarCell.swift */ = {isa = PBXFileReference; lastKnownFileType = sourcecode.swift; path = StarCell.swift; sourceTree = "<group>"; };
		C81C134929003D510049D5DD /* WriteDiaryViewController.swift */ = {isa = PBXFileReference; lastKnownFileType = sourcecode.swift; path = WriteDiaryViewController.swift; sourceTree = "<group>"; };
		C81C134B29003D960049D5DD /* DiaryDetailViewController.swift */ = {isa = PBXFileReference; lastKnownFileType = sourcecode.swift; path = DiaryDetailViewController.swift; sourceTree = "<group>"; };
		C8F6EBD0290018FF00038CF3 /* Diary.app */ = {isa = PBXFileReference; explicitFileType = wrapper.application; includeInIndex = 0; path = Diary.app; sourceTree = BUILT_PRODUCTS_DIR; };
		C8F6EBD3290018FF00038CF3 /* AppDelegate.swift */ = {isa = PBXFileReference; lastKnownFileType = sourcecode.swift; path = AppDelegate.swift; sourceTree = "<group>"; };
		C8F6EBD5290018FF00038CF3 /* SceneDelegate.swift */ = {isa = PBXFileReference; lastKnownFileType = sourcecode.swift; path = SceneDelegate.swift; sourceTree = "<group>"; };
		C8F6EBD7290018FF00038CF3 /* ViewController.swift */ = {isa = PBXFileReference; lastKnownFileType = sourcecode.swift; path = ViewController.swift; sourceTree = "<group>"; };
		C8F6EBDA290018FF00038CF3 /* Base */ = {isa = PBXFileReference; lastKnownFileType = file.storyboard; name = Base; path = Base.lproj/Main.storyboard; sourceTree = "<group>"; };
		C8F6EBDC2900190300038CF3 /* Assets.xcassets */ = {isa = PBXFileReference; lastKnownFileType = folder.assetcatalog; path = Assets.xcassets; sourceTree = "<group>"; };
		C8F6EBDF2900190300038CF3 /* Base */ = {isa = PBXFileReference; lastKnownFileType = file.storyboard; name = Base; path = Base.lproj/LaunchScreen.storyboard; sourceTree = "<group>"; };
		C8F6EBE12900190300038CF3 /* Info.plist */ = {isa = PBXFileReference; lastKnownFileType = text.plist.xml; path = Info.plist; sourceTree = "<group>"; };
/* End PBXFileReference section */

/* Begin PBXFrameworksBuildPhase section */
		C8F6EBCD290018FF00038CF3 /* Frameworks */ = {
			isa = PBXFrameworksBuildPhase;
			buildActionMask = 2147483647;
			files = (
			);
			runOnlyForDeploymentPostprocessing = 0;
		};
/* End PBXFrameworksBuildPhase section */

/* Begin PBXGroup section */
		C81C134429003A910049D5DD /* Views */ = {
			isa = PBXGroup;
			children = (
				C8F6EBD9290018FF00038CF3 /* Main.storyboard */,
				C81C134029003A3C0049D5DD /* DiaryCell.swift */,
				C81C134729003BB10049D5DD /* StarCell.swift */,
			);
			path = Views;
			sourceTree = "<group>";
		};
		C81C134529003A980049D5DD /* Controllers */ = {
			isa = PBXGroup;
			children = (
				C8F6EBD7290018FF00038CF3 /* ViewController.swift */,
				C81C134229003A870049D5DD /* StarViewController.swift */,
				C81C134929003D510049D5DD /* WriteDiaryViewController.swift */,
				C81C134B29003D960049D5DD /* DiaryDetailViewController.swift */,
			);
			path = Controllers;
			sourceTree = "<group>";
		};
		C81C134629003AB90049D5DD /* Supports */ = {
			isa = PBXGroup;
			children = (
				C8F6EBDE2900190300038CF3 /* LaunchScreen.storyboard */,
				C8F6EBDC2900190300038CF3 /* Assets.xcassets */,
				C8F6EBE12900190300038CF3 /* Info.plist */,
			);
			name = Supports;
			sourceTree = "<group>";
		};
		C8F6EBC7290018FF00038CF3 = {
			isa = PBXGroup;
			children = (
				C8F6EBD2290018FF00038CF3 /* Diary */,
				C8F6EBD1290018FF00038CF3 /* Products */,
			);
			sourceTree = "<group>";
		};
		C8F6EBD1290018FF00038CF3 /* Products */ = {
			isa = PBXGroup;
			children = (
				C8F6EBD0290018FF00038CF3 /* Diary.app */,
			);
			name = Products;
			sourceTree = "<group>";
		};
		C8F6EBD2290018FF00038CF3 /* Diary */ = {
			isa = PBXGroup;
			children = (
				C8F6EBD3290018FF00038CF3 /* AppDelegate.swift */,
				C8F6EBD5290018FF00038CF3 /* SceneDelegate.swift */,
				C81C134429003A910049D5DD /* Views */,
				C81C134529003A980049D5DD /* Controllers */,
				C81C134629003AB90049D5DD /* Supports */,
			);
			path = Diary;
			sourceTree = "<group>";
		};
/* End PBXGroup section */

/* Begin PBXNativeTarget section */
		C8F6EBCF290018FF00038CF3 /* Diary */ = {
			isa = PBXNativeTarget;
			buildConfigurationList = C8F6EBE42900190400038CF3 /* Build configuration list for PBXNativeTarget "Diary" */;
			buildPhases = (
				C8F6EBCC290018FF00038CF3 /* Sources */,
				C8F6EBCD290018FF00038CF3 /* Frameworks */,
				C8F6EBCE290018FF00038CF3 /* Resources */,
			);
			buildRules = (
			);
			dependencies = (
			);
			name = Diary;
			productName = Diary;
			productReference = C8F6EBD0290018FF00038CF3 /* Diary.app */;
			productType = "com.apple.product-type.application";
		};
/* End PBXNativeTarget section */

/* Begin PBXProject section */
		C8F6EBC8290018FF00038CF3 /* Project object */ = {
			isa = PBXProject;
			attributes = {
				BuildIndependentTargetsInParallel = 1;
				LastSwiftUpdateCheck = 1400;
				LastUpgradeCheck = 1400;
				TargetAttributes = {
					C8F6EBCF290018FF00038CF3 = {
						CreatedOnToolsVersion = 14.0.1;
					};
				};
			};
			buildConfigurationList = C8F6EBCB290018FF00038CF3 /* Build configuration list for PBXProject "Diary" */;
			compatibilityVersion = "Xcode 14.0";
			developmentRegion = en;
			hasScannedForEncodings = 0;
			knownRegions = (
				en,
				Base,
			);
			mainGroup = C8F6EBC7290018FF00038CF3;
			productRefGroup = C8F6EBD1290018FF00038CF3 /* Products */;
			projectDirPath = "";
			projectRoot = "";
			targets = (
				C8F6EBCF290018FF00038CF3 /* Diary */,
			);
		};
/* End PBXProject section */

/* Begin PBXResourcesBuildPhase section */
		C8F6EBCE290018FF00038CF3 /* Resources */ = {
			isa = PBXResourcesBuildPhase;
			buildActionMask = 2147483647;
			files = (
				C8F6EBE02900190300038CF3 /* LaunchScreen.storyboard in Resources */,
				C8F6EBDD2900190300038CF3 /* Assets.xcassets in Resources */,
				C8F6EBDB290018FF00038CF3 /* Main.storyboard in Resources */,
			);
			runOnlyForDeploymentPostprocessing = 0;
		};
/* End PBXResourcesBuildPhase section */

/* Begin PBXSourcesBuildPhase section */
		C8F6EBCC290018FF00038CF3 /* Sources */ = {
			isa = PBXSourcesBuildPhase;
			buildActionMask = 2147483647;
			files = (
				C8F6EBD8290018FF00038CF3 /* ViewController.swift in Sources */,
				C81C134A29003D510049D5DD /* WriteDiaryViewController.swift in Sources */,
				C8F6EBD4290018FF00038CF3 /* AppDelegate.swift in Sources */,
				C81C134829003BB10049D5DD /* StarCell.swift in Sources */,
				C8F6EBD6290018FF00038CF3 /* SceneDelegate.swift in Sources */,
				C81C134C29003D960049D5DD /* DiaryDetailViewController.swift in Sources */,
				C81C134129003A3C0049D5DD /* DiaryCell.swift in Sources */,
				C81C134329003A870049D5DD /* StarViewController.swift in Sources */,
			);
			runOnlyForDeploymentPostprocessing = 0;
		};
/* End PBXSourcesBuildPhase section */

/* Begin PBXVariantGroup section */
		C8F6EBD9290018FF00038CF3 /* Main.storyboard */ = {
			isa = PBXVariantGroup;
			children = (
				C8F6EBDA290018FF00038CF3 /* Base */,
			);
			name = Main.storyboard;
			sourceTree = "<group>";
		};
		C8F6EBDE2900190300038CF3 /* LaunchScreen.storyboard */ = {
			isa = PBXVariantGroup;
			children = (
				C8F6EBDF2900190300038CF3 /* Base */,
			);
			name = LaunchScreen.storyboard;
			sourceTree = "<group>";
		};
/* End PBXVariantGroup section */

/* Begin XCBuildConfiguration section */
		C8F6EBE22900190300038CF3 /* Debug */ = {
			isa = XCBuildConfiguration;
			buildSettings = {
				ALWAYS_SEARCH_USER_PATHS = NO;
				CLANG_ANALYZER_NONNULL = YES;
				CLANG_ANALYZER_NUMBER_OBJECT_CONVERSION = YES_AGGRESSIVE;
				CLANG_CXX_LANGUAGE_STANDARD = "gnu++20";
				CLANG_ENABLE_MODULES = YES;
				CLANG_ENABLE_OBJC_ARC = YES;
				CLANG_ENABLE_OBJC_WEAK = YES;
				CLANG_WARN_BLOCK_CAPTURE_AUTORELEASING = YES;
				CLANG_WARN_BOOL_CONVERSION = YES;
				CLANG_WARN_COMMA = YES;
				CLANG_WARN_CONSTANT_CONVERSION = YES;
				CLANG_WARN_DEPRECATED_OBJC_IMPLEMENTATIONS = YES;
				CLANG_WARN_DIRECT_OBJC_ISA_USAGE = YES_ERROR;
				CLANG_WARN_DOCUMENTATION_COMMENTS = YES;
				CLANG_WARN_EMPTY_BODY = YES;
				CLANG_WARN_ENUM_CONVERSION = YES;
				CLANG_WARN_INFINITE_RECURSION = YES;
				CLANG_WARN_INT_CONVERSION = YES;
				CLANG_WARN_NON_LITERAL_NULL_CONVERSION = YES;
				CLANG_WARN_OBJC_IMPLICIT_RETAIN_SELF = YES;
				CLANG_WARN_OBJC_LITERAL_CONVERSION = YES;
				CLANG_WARN_OBJC_ROOT_CLASS = YES_ERROR;
				CLANG_WARN_QUOTED_INCLUDE_IN_FRAMEWORK_HEADER = YES;
				CLANG_WARN_RANGE_LOOP_ANALYSIS = YES;
				CLANG_WARN_STRICT_PROTOTYPES = YES;
				CLANG_WARN_SUSPICIOUS_MOVE = YES;
				CLANG_WARN_UNGUARDED_AVAILABILITY = YES_AGGRESSIVE;
				CLANG_WARN_UNREACHABLE_CODE = YES;
				CLANG_WARN__DUPLICATE_METHOD_MATCH = YES;
				COPY_PHASE_STRIP = NO;
				DEBUG_INFORMATION_FORMAT = dwarf;
				ENABLE_STRICT_OBJC_MSGSEND = YES;
				ENABLE_TESTABILITY = YES;
				GCC_C_LANGUAGE_STANDARD = gnu11;
				GCC_DYNAMIC_NO_PIC = NO;
				GCC_NO_COMMON_BLOCKS = YES;
				GCC_OPTIMIZATION_LEVEL = 0;
				GCC_PREPROCESSOR_DEFINITIONS = (
					"DEBUG=1",
					"$(inherited)",
				);
				GCC_WARN_64_TO_32_BIT_CONVERSION = YES;
				GCC_WARN_ABOUT_RETURN_TYPE = YES_ERROR;
				GCC_WARN_UNDECLARED_SELECTOR = YES;
				GCC_WARN_UNINITIALIZED_AUTOS = YES_AGGRESSIVE;
				GCC_WARN_UNUSED_FUNCTION = YES;
				GCC_WARN_UNUSED_VARIABLE = YES;
				IPHONEOS_DEPLOYMENT_TARGET = 16.0;
				MTL_ENABLE_DEBUG_INFO = INCLUDE_SOURCE;
				MTL_FAST_MATH = YES;
				ONLY_ACTIVE_ARCH = YES;
				SDKROOT = iphoneos;
				SWIFT_ACTIVE_COMPILATION_CONDITIONS = DEBUG;
				SWIFT_OPTIMIZATION_LEVEL = "-Onone";
			};
			name = Debug;
		};
		C8F6EBE32900190400038CF3 /* Release */ = {
			isa = XCBuildConfiguration;
			buildSettings = {
				ALWAYS_SEARCH_USER_PATHS = NO;
				CLANG_ANALYZER_NONNULL = YES;
				CLANG_ANALYZER_NUMBER_OBJECT_CONVERSION = YES_AGGRESSIVE;
				CLANG_CXX_LANGUAGE_STANDARD = "gnu++20";
				CLANG_ENABLE_MODULES = YES;
				CLANG_ENABLE_OBJC_ARC = YES;
				CLANG_ENABLE_OBJC_WEAK = YES;
				CLANG_WARN_BLOCK_CAPTURE_AUTORELEASING = YES;
				CLANG_WARN_BOOL_CONVERSION = YES;
				CLANG_WARN_COMMA = YES;
				CLANG_WARN_CONSTANT_CONVERSION = YES;
				CLANG_WARN_DEPRECATED_OBJC_IMPLEMENTATIONS = YES;
				CLANG_WARN_DIRECT_OBJC_ISA_USAGE = YES_ERROR;
				CLANG_WARN_DOCUMENTATION_COMMENTS = YES;
				CLANG_WARN_EMPTY_BODY = YES;
				CLANG_WARN_ENUM_CONVERSION = YES;
				CLANG_WARN_INFINITE_RECURSION = YES;
				CLANG_WARN_INT_CONVERSION = YES;
				CLANG_WARN_NON_LITERAL_NULL_CONVERSION = YES;
				CLANG_WARN_OBJC_IMPLICIT_RETAIN_SELF = YES;
				CLANG_WARN_OBJC_LITERAL_CONVERSION = YES;
				CLANG_WARN_OBJC_ROOT_CLASS = YES_ERROR;
				CLANG_WARN_QUOTED_INCLUDE_IN_FRAMEWORK_HEADER = YES;
				CLANG_WARN_RANGE_LOOP_ANALYSIS = YES;
				CLANG_WARN_STRICT_PROTOTYPES = YES;
				CLANG_WARN_SUSPICIOUS_MOVE = YES;
				CLANG_WARN_UNGUARDED_AVAILABILITY = YES_AGGRESSIVE;
				CLANG_WARN_UNREACHABLE_CODE = YES;
				CLANG_WARN__DUPLICATE_METHOD_MATCH = YES;
				COPY_PHASE_STRIP = NO;
				DEBUG_INFORMATION_FORMAT = "dwarf-with-dsym";
				ENABLE_NS_ASSERTIONS = NO;
				ENABLE_STRICT_OBJC_MSGSEND = YES;
				GCC_C_LANGUAGE_STANDARD = gnu11;
				GCC_NO_COMMON_BLOCKS = YES;
				GCC_WARN_64_TO_32_BIT_CONVERSION = YES;
				GCC_WARN_ABOUT_RETURN_TYPE = YES_ERROR;
				GCC_WARN_UNDECLARED_SELECTOR = YES;
				GCC_WARN_UNINITIALIZED_AUTOS = YES_AGGRESSIVE;
				GCC_WARN_UNUSED_FUNCTION = YES;
				GCC_WARN_UNUSED_VARIABLE = YES;
				IPHONEOS_DEPLOYMENT_TARGET = 16.0;
				MTL_ENABLE_DEBUG_INFO = NO;
				MTL_FAST_MATH = YES;
				SDKROOT = iphoneos;
				SWIFT_COMPILATION_MODE = wholemodule;
				SWIFT_OPTIMIZATION_LEVEL = "-O";
				VALIDATE_PRODUCT = YES;
			};
			name = Release;
		};
		C8F6EBE52900190400038CF3 /* Debug */ = {
			isa = XCBuildConfiguration;
			buildSettings = {
				ASSETCATALOG_COMPILER_APPICON_NAME = AppIcon;
				ASSETCATALOG_COMPILER_GLOBAL_ACCENT_COLOR_NAME = AccentColor;
				CODE_SIGN_STYLE = Automatic;
				CURRENT_PROJECT_VERSION = 1;
				DEVELOPMENT_TEAM = C52UTF3KCV;
				GENERATE_INFOPLIST_FILE = YES;
				INFOPLIST_FILE = Diary/Info.plist;
				INFOPLIST_KEY_UIApplicationSupportsIndirectInputEvents = YES;
				INFOPLIST_KEY_UILaunchStoryboardName = LaunchScreen;
				INFOPLIST_KEY_UIMainStoryboardFile = Main;
				INFOPLIST_KEY_UISupportedInterfaceOrientations_iPad = "UIInterfaceOrientationPortrait UIInterfaceOrientationPortraitUpsideDown UIInterfaceOrientationLandscapeLeft UIInterfaceOrientationLandscapeRight";
				INFOPLIST_KEY_UISupportedInterfaceOrientations_iPhone = "UIInterfaceOrientationPortrait UIInterfaceOrientationLandscapeLeft UIInterfaceOrientationLandscapeRight";
				LD_RUNPATH_SEARCH_PATHS = (
					"$(inherited)",
					"@executable_path/Frameworks",
				);
				MARKETING_VERSION = 1.0;
				PRODUCT_BUNDLE_IDENTIFIER = com.jessicaKoh.Diary;
				PRODUCT_NAME = "$(TARGET_NAME)";
				SWIFT_EMIT_LOC_STRINGS = YES;
				SWIFT_VERSION = 5.0;
				TARGETED_DEVICE_FAMILY = "1,2";
			};
			name = Debug;
		};
		C8F6EBE62900190400038CF3 /* Release */ = {
			isa = XCBuildConfiguration;
			buildSettings = {
				ASSETCATALOG_COMPILER_APPICON_NAME = AppIcon;
				ASSETCATALOG_COMPILER_GLOBAL_ACCENT_COLOR_NAME = AccentColor;
				CODE_SIGN_STYLE = Automatic;
				CURRENT_PROJECT_VERSION = 1;
				DEVELOPMENT_TEAM = C52UTF3KCV;
				GENERATE_INFOPLIST_FILE = YES;
				INFOPLIST_FILE = Diary/Info.plist;
				INFOPLIST_KEY_UIApplicationSupportsIndirectInputEvents = YES;
				INFOPLIST_KEY_UILaunchStoryboardName = LaunchScreen;
				INFOPLIST_KEY_UIMainStoryboardFile = Main;
				INFOPLIST_KEY_UISupportedInterfaceOrientations_iPad = "UIInterfaceOrientationPortrait UIInterfaceOrientationPortraitUpsideDown UIInterfaceOrientationLandscapeLeft UIInterfaceOrientationLandscapeRight";
				INFOPLIST_KEY_UISupportedInterfaceOrientations_iPhone = "UIInterfaceOrientationPortrait UIInterfaceOrientationLandscapeLeft UIInterfaceOrientationLandscapeRight";
				LD_RUNPATH_SEARCH_PATHS = (
					"$(inherited)",
					"@executable_path/Frameworks",
				);
				MARKETING_VERSION = 1.0;
				PRODUCT_BUNDLE_IDENTIFIER = com.jessicaKoh.Diary;
				PRODUCT_NAME = "$(TARGET_NAME)";
				SWIFT_EMIT_LOC_STRINGS = YES;
				SWIFT_VERSION = 5.0;
				TARGETED_DEVICE_FAMILY = "1,2";
			};
			name = Release;
		};
/* End XCBuildConfiguration section */

/* Begin XCConfigurationList section */
		C8F6EBCB290018FF00038CF3 /* Build configuration list for PBXProject "Diary" */ = {
			isa = XCConfigurationList;
			buildConfigurations = (
				C8F6EBE22900190300038CF3 /* Debug */,
				C8F6EBE32900190400038CF3 /* Release */,
			);
			defaultConfigurationIsVisible = 0;
			defaultConfigurationName = Release;
		};
		C8F6EBE42900190400038CF3 /* Build configuration list for PBXNativeTarget "Diary" */ = {
			isa = XCConfigurationList;
			buildConfigurations = (
				C8F6EBE52900190400038CF3 /* Debug */,
				C8F6EBE62900190400038CF3 /* Release */,
			);
			defaultConfigurationIsVisible = 0;
			defaultConfigurationName = Release;
		};
/* End XCConfigurationList section */
	};
	rootObject = C8F6EBC8290018FF00038CF3 /* Project object */;
}
